
Microsoft Visual Studio Solution File, Format Version 12.00
# Visual Studio Version 16
VisualStudioVersion = 16.0.29123.88
MinimumVisualStudioVersion = 10.0.40219.1
Project("{9A19103F-16F7-4668-BE54-9A1E7A4F7556}") = "UserRoleEF", "UserRoleEF.csproj", "{ABA0E66B-1A9D-4534-9553-C7CEF201BB05}"
EndProject
Project("{FAE04EC0-301F-11D3-BF4B-00C04F79EFBC}") = "WebApp", "..\WebApp\WebApp.csproj", "{573394F8-2135-421C-9128-C5353541922B}"
EndProject
Project("{FAE04EC0-301F-11D3-BF4B-00C04F79EFBC}") = "DemonFox.Tails.DAL", "..\DemonFox.Tails.DAL\DemonFox.Tails.DAL.csproj", "{868826B9-200E-4310-B726-F7B834C6841A}"
EndProject
Project("{FAE04EC0-301F-11D3-BF4B-00C04F79EFBC}") = "DemonFox.Tails.Utils", "..\DemonFox.Tails.Utils\DemonFox.Tails.Utils.csproj", "{688A5A3D-7A82-4FBF-8715-926C98FEA98C}"
EndProject
Global
	GlobalSection(SolutionConfigurationPlatforms) = preSolution
		Debug|Any CPU = Debug|Any CPU
		Release|Any CPU = Release|Any CPU
	EndGlobalSection
	GlobalSection(ProjectConfigurationPlatforms) = postSolution
		{ABA0E66B-1A9D-4534-9553-C7CEF201BB05}.Debug|Any CPU.ActiveCfg = Debug|Any CPU
		{ABA0E66B-1A9D-4534-9553-C7CEF201BB05}.Debug|Any CPU.Build.0 = Debug|Any CPU
		{ABA0E66B-1A9D-4534-9553-C7CEF201BB05}.Release|Any CPU.ActiveCfg = Release|Any CPU
		{ABA0E66B-1A9D-4534-9553-C7CEF201BB05}.Release|Any CPU.Build.0 = Release|Any CPU
		{573394F8-2135-421C-9128-C5353541922B}.Debug|Any CPU.ActiveCfg = Debug|Any CPU
		{573394F8-2135-421C-9128-C5353541922B}.Debug|Any CPU.Build.0 = Debug|Any CPU
		{573394F8-2135-421C-9128-C5353541922B}.Release|Any CPU.ActiveCfg = Release|Any CPU
		{573394F8-2135-421C-9128-C5353541922B}.Release|Any CPU.Build.0 = Release|Any CPU
		{868826B9-200E-4310-B726-F7B834C6841A}.Debug|Any CPU.ActiveCfg = Debug|Any CPU
		{868826B9-200E-4310-B726-F7B834C6841A}.Debug|Any CPU.Build.0 = Debug|Any CPU
		{868826B9-200E-4310-B726-F7B834C6841A}.Release|Any CPU.ActiveCfg = Release|Any CPU
		{868826B9-200E-4310-B726-F7B834C6841A}.Release|Any CPU.Build.0 = Release|Any CPU
		{688A5A3D-7A82-4FBF-8715-926C98FEA98C}.Debug|Any CPU.ActiveCfg = Debug|Any CPU
		{688A5A3D-7A82-4FBF-8715-926C98FEA98C}.Debug|Any CPU.Build.0 = Debug|Any CPU
		{688A5A3D-7A82-4FBF-8715-926C98FEA98C}.Release|Any CPU.ActiveCfg = Release|Any CPU
		{688A5A3D-7A82-4FBF-8715-926C98FEA98C}.Release|Any CPU.Build.0 = Release|Any CPU
	EndGlobalSection
	GlobalSection(SolutionProperties) = preSolution
		HideSolutionNode = FALSE
	EndGlobalSection
	GlobalSection(ExtensibilityGlobals) = postSolution
		SolutionGuid = {D07F517B-9B3F-4B57-AD9F-89310C09F54D}
	EndGlobalSection
EndGlobal
